
Microsoft Visual Studio Solution File, Format Version 12.00
# Visual Studio Version 17
VisualStudioVersion = 17.8.34205.153
MinimumVisualStudioVersion = 10.0.40219.1
Project("{FAE04EC0-301F-11D3-BF4B-00C04F79EFBC}") = "MAUI8Bugs", "MAUI8Bugs\MAUI8Bugs.csproj", "{1D673941-1DA7-45F2-806C-811460CC4438}"
EndProject
Global
	GlobalSection(SolutionConfigurationPlatforms) = preSolution
		Debug|Any CPU = Debug|Any CPU
		Release|Any CPU = Release|Any CPU
	EndGlobalSection
	GlobalSection(ProjectConfigurationPlatforms) = postSolution
		{1D673941-1DA7-45F2-806C-811460CC4438}.Debug|Any CPU.ActiveCfg = Debug|Any CPU
		{1D673941-1DA7-45F2-806C-811460CC4438}.Debug|Any CPU.Build.0 = Debug|Any CPU
		{1D673941-1DA7-45F2-806C-811460CC4438}.Debug|Any CPU.Deploy.0 = Debug|Any CPU
		{1D673941-1DA7-45F2-806C-811460CC4438}.Release|Any CPU.ActiveCfg = Release|Any CPU
		{1D673941-1DA7-45F2-806C-811460CC4438}.Release|Any CPU.Build.0 = Release|Any CPU
		{1D673941-1DA7-45F2-806C-811460CC4438}.Release|Any CPU.Deploy.0 = Release|Any CPU
	EndGlobalSection
	GlobalSection(SolutionProperties) = preSolution
		HideSolutionNode = FALSE
	EndGlobalSection
	GlobalSection(ExtensibilityGlobals) = postSolution
		SolutionGuid = {942E6F81-1171-466E-B505-D1B0658F3175}
	EndGlobalSection
EndGlobal
